<?xml version="1.0" encoding="utf-8"?>
<Project ToolsVersion="4.0" xmlns="http://schemas.microsoft.com/developer/msbuild/2003">
  <ItemGroup>
    <Filter Include="Source Files">
      <UniqueIdentifier>{4FC737F1-C7A5-4376-A066-2A32D752A2FF}</UniqueIdentifier>
      <Extensions>cpp;c;cxx;def;odl;idl;hpj;bat;asm;asmx</Extensions>
    </Filter>
    <Filter Include="Source Files\CONSOLE">
      <UniqueIdentifier>{b2ef4bbc-510f-44e1-918d-dbd9f6a77b9f}</UniqueIdentifier>
    </Filter>
    <Filter Include="Header Files">
      <UniqueIdentifier>{93995380-89BD-4b04-88EB-625FBE52EBFB}</UniqueIdentifier>
      <Extensions>h;hpp;hxx;hm;inl;inc;xsd</Extensions>
    </Filter>
    <Filter Include="Header Files\CONSOLE">
      <UniqueIdentifier>{cacc1e5c-6ca1-48bf-beda-40175cbe89b3}</UniqueIdentifier>
    </Filter>
    <Filter Include="Resource Files">
      <UniqueIdentifier>{67DA6AB6-F800-4c08-8B7A-83BB121AAD01}</UniqueIdentifier>
      <Extensions>rc;ico;cur;bmp;dlg;rc2;rct;bin;rgs;gif;jpg;jpeg;jpe;resx</Extensions>
    </Filter>
    <Filter Include="common">
      <UniqueIdentifier>{2a5d293c-e78e-4bfc-b2c6-c8d05363cab9}</UniqueIdentifier>
    </Filter>
  </ItemGroup>
  <ItemGroup>
    <ClCompile Include="Direct3DManager.cpp">
      <Filter>Source Files</Filter>
    </ClCompile>
    <ClCompile Include="winmain.cpp">
      <Filter>Source Files</Filter>
    </ClCompile>
    <ClCompile Include="guicon.cpp">
      <Filter>Source Files\CONSOLE</Filter>
    </ClCompile>
  </ItemGroup>
  <ItemGroup>
    <ClInclude Include="CFont.h">
      <Filter>Header Files</Filter>
    </ClInclude>
    <ClInclude Include="CMouse.h">
      <Filter>Header Files</Filter>
    </ClInclude>
    <ClInclude Include="CStatus.h">
      <Filter>Header Files</Filter>
    </ClInclude>
    <ClInclude Include="CTile_manager.h">
      <Filter>Header Files</Filter>
    </ClInclude>
    <ClInclude Include="d3ddefs.h">
      <Filter>Header Files</Filter>
    </ClInclude>
    <ClInclude Include="Direct3DManager.h">
      <Filter>Header Files</Filter>
    </ClInclude>
    <ClInclude Include="winmain.h">
      <Filter>Header Files</Filter>
    </ClInclude>
    <ClInclude Include="CKeyboard.h">
      <Filter>Header Files\CONSOLE</Filter>
    </ClInclude>
    <ClInclude Include="guicon.h">
      <Filter>Header Files\CONSOLE</Filter>
    </ClInclude>
  </ItemGroup>
  <ItemGroup>
    <Text Include="ctile.txt">
      <Filter>Resource Files</Filter>
    </Text>
    <Text Include="grafik problem.txt">
      <Filter>Resource Files</Filter>
    </Text>
    <Text Include="övrigt.txt">
      <Filter>Resource Files</Filter>
    </Text>
  </ItemGroup>
</Project>